
Microsoft Visual Studio Solution File, Format Version 12.00
# Visual Studio Version 17
VisualStudioVersion = 17.11.35327.3
MinimumVisualStudioVersion = 10.0.40219.1
Project("{FAE04EC0-301F-11D3-BF4B-00C04F79EFBC}") = "AdventOfCode", "AdventOfCode.csproj", "{777A341A-D02B-4DDF-B509-F39790F38249}"
EndProject
Project("{FAE04EC0-301F-11D3-BF4B-00C04F79EFBC}") = "AdventOfCode.Tests", "..\AdventOfCode.Tests\AdventOfCode.Tests.csproj", "{CADB8190-D7B2-43B5-BDAD-76017695EB86}"
EndProject
Global
	GlobalSection(SolutionConfigurationPlatforms) = preSolution
		Debug|Any CPU = Debug|Any CPU
		Release|Any CPU = Release|Any CPU
	EndGlobalSection
	GlobalSection(ProjectConfigurationPlatforms) = postSolution
		{777A341A-D02B-4DDF-B509-F39790F38249}.Debug|Any CPU.ActiveCfg = Debug|Any CPU
		{777A341A-D02B-4DDF-B509-F39790F38249}.Debug|Any CPU.Build.0 = Debug|Any CPU
		{777A341A-D02B-4DDF-B509-F39790F38249}.Release|Any CPU.ActiveCfg = Release|Any CPU
		{777A341A-D02B-4DDF-B509-F39790F38249}.Release|Any CPU.Build.0 = Release|Any CPU
		{CADB8190-D7B2-43B5-BDAD-76017695EB86}.Debug|Any CPU.ActiveCfg = Debug|Any CPU
		{CADB8190-D7B2-43B5-BDAD-76017695EB86}.Debug|Any CPU.Build.0 = Debug|Any CPU
		{CADB8190-D7B2-43B5-BDAD-76017695EB86}.Release|Any CPU.ActiveCfg = Release|Any CPU
		{CADB8190-D7B2-43B5-BDAD-76017695EB86}.Release|Any CPU.Build.0 = Release|Any CPU
	EndGlobalSection
	GlobalSection(SolutionProperties) = preSolution
		HideSolutionNode = FALSE
	EndGlobalSection
	GlobalSection(ExtensibilityGlobals) = postSolution
		SolutionGuid = {C2D9335D-2DAE-4E88-815B-71FDB0F0C339}
	EndGlobalSection
EndGlobal
